
Microsoft Visual Studio Solution File, Format Version 12.00
# Visual Studio Version 16
VisualStudioVersion = 16.0.31313.79
MinimumVisualStudioVersion = 10.0.40219.1
Project("{FAE04EC0-301F-11D3-BF4B-00C04F79EFBC}") = "BookService", "BookService\BookService.csproj", "{03F48741-AA97-423B-A2F6-9F514FB8D17E}"
EndProject
Global
	GlobalSection(SolutionConfigurationPlatforms) = preSolution
		Debug|Any CPU = Debug|Any CPU
		Release|Any CPU = Release|Any CPU
	EndGlobalSection
	GlobalSection(ProjectConfigurationPlatforms) = postSolution
		{03F48741-AA97-423B-A2F6-9F514FB8D17E}.Debug|Any CPU.ActiveCfg = Debug|Any CPU
		{03F48741-AA97-423B-A2F6-9F514FB8D17E}.Debug|Any CPU.Build.0 = Debug|Any CPU
		{03F48741-AA97-423B-A2F6-9F514FB8D17E}.Release|Any CPU.ActiveCfg = Release|Any CPU
		{03F48741-AA97-423B-A2F6-9F514FB8D17E}.Release|Any CPU.Build.0 = Release|Any CPU
	EndGlobalSection
	GlobalSection(SolutionProperties) = preSolution
		HideSolutionNode = FALSE
	EndGlobalSection
	GlobalSection(ExtensibilityGlobals) = postSolution
		SolutionGuid = {569F17E3-927E-4543-8CEF-B4442C528F64}
	EndGlobalSection
EndGlobal
